
Microsoft Visual Studio Solution File, Format Version 12.00
# Visual Studio 15
VisualStudioVersion = 15.0.28307.779
MinimumVisualStudioVersion = 10.0.40219.1
Project("{FAE04EC0-301F-11D3-BF4B-00C04F79EFBC}") = "MemoryGame", "MemoryGame\MemoryGame.csproj", "{DD500596-C214-4831-8510-2E348A85EA4C}"
EndProject
Global
	GlobalSection(SolutionConfigurationPlatforms) = preSolution
		Debug|Any CPU = Debug|Any CPU
		Release|Any CPU = Release|Any CPU
	EndGlobalSection
	GlobalSection(ProjectConfigurationPlatforms) = postSolution
		{DD500596-C214-4831-8510-2E348A85EA4C}.Debug|Any CPU.ActiveCfg = Debug|Any CPU
		{DD500596-C214-4831-8510-2E348A85EA4C}.Debug|Any CPU.Build.0 = Debug|Any CPU
		{DD500596-C214-4831-8510-2E348A85EA4C}.Release|Any CPU.ActiveCfg = Release|Any CPU
		{DD500596-C214-4831-8510-2E348A85EA4C}.Release|Any CPU.Build.0 = Release|Any CPU
	EndGlobalSection
	GlobalSection(SolutionProperties) = preSolution
		HideSolutionNode = FALSE
	EndGlobalSection
	GlobalSection(ExtensibilityGlobals) = postSolution
		SolutionGuid = {064AD3BE-D46C-4F03-94C4-887A474F9D68}
	EndGlobalSection
EndGlobal
